
Microsoft Visual Studio Solution File, Format Version 12.00
# Visual Studio Version 17
VisualStudioVersion = 17.14.36811.4 d17.14
MinimumVisualStudioVersion = 10.0.40219.1
Project("{FAE04EC0-301F-11D3-BF4B-00C04F79EFBC}") = "DearDiary.API", "DearDiary.API\DearDiary.API.csproj", "{84D31C77-2595-4334-8ECD-6EFFF31EA9C9}"
EndProject
Global
	GlobalSection(SolutionConfigurationPlatforms) = preSolution
		Debug|Any CPU = Debug|Any CPU
		Release|Any CPU = Release|Any CPU
	EndGlobalSection
	GlobalSection(ProjectConfigurationPlatforms) = postSolution
		{84D31C77-2595-4334-8ECD-6EFFF31EA9C9}.Debug|Any CPU.ActiveCfg = Debug|Any CPU
		{84D31C77-2595-4334-8ECD-6EFFF31EA9C9}.Debug|Any CPU.Build.0 = Debug|Any CPU
		{84D31C77-2595-4334-8ECD-6EFFF31EA9C9}.Release|Any CPU.ActiveCfg = Release|Any CPU
		{84D31C77-2595-4334-8ECD-6EFFF31EA9C9}.Release|Any CPU.Build.0 = Release|Any CPU
	EndGlobalSection
	GlobalSection(SolutionProperties) = preSolution
		HideSolutionNode = FALSE
	EndGlobalSection
	GlobalSection(ExtensibilityGlobals) = postSolution
		SolutionGuid = {CF0B8FA4-7509-4F60-902B-3C7BA2D684BB}
	EndGlobalSection
EndGlobal
